
Microsoft Visual Studio Solution File, Format Version 12.00
# Visual Studio Version 17
VisualStudioVersion = 17.6.33829.357
MinimumVisualStudioVersion = 10.0.40219.1
Project("{9A19103F-16F7-4668-BE54-9A1E7A4F7556}") = "DevWEB.Business", "DevWEB.Business\DevWEB.Business.csproj", "{5CE6A9E3-2972-44D0-9A58-C56709579F0B}"
EndProject
Project("{9A19103F-16F7-4668-BE54-9A1E7A4F7556}") = "DevWEB.Data", "DevWEB.Data\DevWEB.Data.csproj", "{F529ADB7-CBE3-410B-8A22-C2338E0C938B}"
EndProject
Project("{FAE04EC0-301F-11D3-BF4B-00C04F79EFBC}") = "DevWEB.Api", "DevWEB.Api\DevWEB.Api.csproj", "{34D96E53-7300-421E-B1D5-6CDDEB18C23A}"
EndProject
Global
	GlobalSection(SolutionConfigurationPlatforms) = preSolution
		Debug|Any CPU = Debug|Any CPU
		Release|Any CPU = Release|Any CPU
	EndGlobalSection
	GlobalSection(ProjectConfigurationPlatforms) = postSolution
		{5CE6A9E3-2972-44D0-9A58-C56709579F0B}.Debug|Any CPU.ActiveCfg = Debug|Any CPU
		{5CE6A9E3-2972-44D0-9A58-C56709579F0B}.Debug|Any CPU.Build.0 = Debug|Any CPU
		{5CE6A9E3-2972-44D0-9A58-C56709579F0B}.Release|Any CPU.ActiveCfg = Release|Any CPU
		{5CE6A9E3-2972-44D0-9A58-C56709579F0B}.Release|Any CPU.Build.0 = Release|Any CPU
		{F529ADB7-CBE3-410B-8A22-C2338E0C938B}.Debug|Any CPU.ActiveCfg = Debug|Any CPU
		{F529ADB7-CBE3-410B-8A22-C2338E0C938B}.Debug|Any CPU.Build.0 = Debug|Any CPU
		{F529ADB7-CBE3-410B-8A22-C2338E0C938B}.Release|Any CPU.ActiveCfg = Release|Any CPU
		{F529ADB7-CBE3-410B-8A22-C2338E0C938B}.Release|Any CPU.Build.0 = Release|Any CPU
		{34D96E53-7300-421E-B1D5-6CDDEB18C23A}.Debug|Any CPU.ActiveCfg = Debug|Any CPU
		{34D96E53-7300-421E-B1D5-6CDDEB18C23A}.Debug|Any CPU.Build.0 = Debug|Any CPU
		{34D96E53-7300-421E-B1D5-6CDDEB18C23A}.Release|Any CPU.ActiveCfg = Release|Any CPU
		{34D96E53-7300-421E-B1D5-6CDDEB18C23A}.Release|Any CPU.Build.0 = Release|Any CPU
	EndGlobalSection
	GlobalSection(SolutionProperties) = preSolution
		HideSolutionNode = FALSE
	EndGlobalSection
	GlobalSection(ExtensibilityGlobals) = postSolution
		SolutionGuid = {8B7BEA62-4FFC-4384-882C-041CBFAE91D0}
	EndGlobalSection
EndGlobal
